
Microsoft Visual Studio Solution File, Format Version 12.00
# Visual Studio Version 17
VisualStudioVersion = 17.8.34309.116
MinimumVisualStudioVersion = 10.0.40219.1
Project("{FAE04EC0-301F-11D3-BF4B-00C04F79EFBC}") = "responsijunpromaul", "responsijunpromaul.csproj", "{199DF8FC-6807-41D3-9F12-F4F3EFA79117}"
EndProject
Global
	GlobalSection(SolutionConfigurationPlatforms) = preSolution
		Debug|Any CPU = Debug|Any CPU
		Release|Any CPU = Release|Any CPU
	EndGlobalSection
	GlobalSection(ProjectConfigurationPlatforms) = postSolution
		{199DF8FC-6807-41D3-9F12-F4F3EFA79117}.Debug|Any CPU.ActiveCfg = Debug|Any CPU
		{199DF8FC-6807-41D3-9F12-F4F3EFA79117}.Debug|Any CPU.Build.0 = Debug|Any CPU
		{199DF8FC-6807-41D3-9F12-F4F3EFA79117}.Release|Any CPU.ActiveCfg = Release|Any CPU
		{199DF8FC-6807-41D3-9F12-F4F3EFA79117}.Release|Any CPU.Build.0 = Release|Any CPU
	EndGlobalSection
	GlobalSection(SolutionProperties) = preSolution
		HideSolutionNode = FALSE
	EndGlobalSection
	GlobalSection(ExtensibilityGlobals) = postSolution
		SolutionGuid = {0C663523-AC47-4CF3-AF54-273A08FC3F33}
	EndGlobalSection
EndGlobal
